
Microsoft Visual Studio Solution File, Format Version 12.00
# Visual Studio Version 16
VisualStudioVersion = 16.0.30204.135
MinimumVisualStudioVersion = 10.0.40219.1
Project("{FAE04EC0-301F-11D3-BF4B-00C04F79EFBC}") = "ValidID", "ValidID.csproj", "{40CCE36F-9DD6-4112-945C-4816D092A128}"
EndProject
Global
	GlobalSection(SolutionConfigurationPlatforms) = preSolution
		Debug|Any CPU = Debug|Any CPU
		Release|Any CPU = Release|Any CPU
	EndGlobalSection
	GlobalSection(ProjectConfigurationPlatforms) = postSolution
		{40CCE36F-9DD6-4112-945C-4816D092A128}.Debug|Any CPU.ActiveCfg = Debug|Any CPU
		{40CCE36F-9DD6-4112-945C-4816D092A128}.Debug|Any CPU.Build.0 = Debug|Any CPU
		{40CCE36F-9DD6-4112-945C-4816D092A128}.Release|Any CPU.ActiveCfg = Release|Any CPU
		{40CCE36F-9DD6-4112-945C-4816D092A128}.Release|Any CPU.Build.0 = Release|Any CPU
	EndGlobalSection
	GlobalSection(SolutionProperties) = preSolution
		HideSolutionNode = FALSE
	EndGlobalSection
	GlobalSection(ExtensibilityGlobals) = postSolution
		SolutionGuid = {1B746CA5-2B90-42EF-8578-E772743888F5}
	EndGlobalSection
EndGlobal
